// !$*UTF8*$!
{
	archiveVersion = 1;
	classes = {
	};
	objectVersion = 46;
	objects = {

/* Begin PBXBuildFile section */
		C32CB2001E172B220060B657 /* SocketController.swift in Sources */ = {isa = PBXBuildFile; fileRef = C32CB1FF1E172B220060B657 /* SocketController.swift */; };
		C33208DA1E1488FD00CBCEC5 /* DJiOSSDK.h in Headers */ = {isa = PBXBuildFile; fileRef = C33208D81E1488FD00CBCEC5 /* DJiOSSDK.h */; settings = {ATTRIBUTES = (Public, ); }; };
		C3B7170E1E148DED00318A0E /* Configuration.swift in Sources */ = {isa = PBXBuildFile; fileRef = C3B7170D1E148DED00318A0E /* Configuration.swift */; };
		C3B717131E148E1500318A0E /* Enumerations.swift in Sources */ = {isa = PBXBuildFile; fileRef = C3B717121E148E1500318A0E /* Enumerations.swift */; };
		C3B717151E148E2400318A0E /* Extensions.swift in Sources */ = {isa = PBXBuildFile; fileRef = C3B717141E148E2400318A0E /* Extensions.swift */; };
		C3B717171E148E7800318A0E /* LoginNetworkManager.swift in Sources */ = {isa = PBXBuildFile; fileRef = C3B717161E148E7800318A0E /* LoginNetworkManager.swift */; };
		C3B717191E148E9B00318A0E /* PartyNetworkManager.swift in Sources */ = {isa = PBXBuildFile; fileRef = C3B717181E148E9B00318A0E /* PartyNetworkManager.swift */; };
		C3B7171B1E148EB600318A0E /* Networker.swift in Sources */ = {isa = PBXBuildFile; fileRef = C3B7171A1E148EB600318A0E /* Networker.swift */; };
		C3B7171D1E148F2800318A0E /* User.swift in Sources */ = {isa = PBXBuildFile; fileRef = C3B7171C1E148F2800318A0E /* User.swift */; };
		C3B7171F1E148F3100318A0E /* Party.swift in Sources */ = {isa = PBXBuildFile; fileRef = C3B7171E1E148F3100318A0E /* Party.swift */; };
		C3B717211E148F3A00318A0E /* Location.swift in Sources */ = {isa = PBXBuildFile; fileRef = C3B717201E148F3A00318A0E /* Location.swift */; };
		C3B717231E1492BC00318A0E /* Transaction.swift in Sources */ = {isa = PBXBuildFile; fileRef = C3B717221E1492BC00318A0E /* Transaction.swift */; };
		C3B717251E1492C900318A0E /* TransactionController.swift in Sources */ = {isa = PBXBuildFile; fileRef = C3B717241E1492C900318A0E /* TransactionController.swift */; };
/* End PBXBuildFile section */

/* Begin PBXFileReference section */
		C32CB1FF1E172B220060B657 /* SocketController.swift */ = {isa = PBXFileReference; fileEncoding = 4; lastKnownFileType = sourcecode.swift; path = SocketController.swift; sourceTree = "<group>"; };
		C33208D51E1488FD00CBCEC5 /* DJiOSSDK.framework */ = {isa = PBXFileReference; explicitFileType = wrapper.framework; includeInIndex = 0; path = DJiOSSDK.framework; sourceTree = BUILT_PRODUCTS_DIR; };
		C33208D81E1488FD00CBCEC5 /* DJiOSSDK.h */ = {isa = PBXFileReference; lastKnownFileType = sourcecode.c.h; path = DJiOSSDK.h; sourceTree = "<group>"; };
		C33208D91E1488FD00CBCEC5 /* Info.plist */ = {isa = PBXFileReference; lastKnownFileType = text.plist.xml; path = Info.plist; sourceTree = "<group>"; };
		C3B7170D1E148DED00318A0E /* Configuration.swift */ = {isa = PBXFileReference; fileEncoding = 4; lastKnownFileType = sourcecode.swift; path = Configuration.swift; sourceTree = "<group>"; };
		C3B717121E148E1500318A0E /* Enumerations.swift */ = {isa = PBXFileReference; fileEncoding = 4; lastKnownFileType = sourcecode.swift; path = Enumerations.swift; sourceTree = "<group>"; };
		C3B717141E148E2400318A0E /* Extensions.swift */ = {isa = PBXFileReference; fileEncoding = 4; lastKnownFileType = sourcecode.swift; path = Extensions.swift; sourceTree = "<group>"; };
		C3B717161E148E7800318A0E /* LoginNetworkManager.swift */ = {isa = PBXFileReference; fileEncoding = 4; lastKnownFileType = sourcecode.swift; path = LoginNetworkManager.swift; sourceTree = "<group>"; };
		C3B717181E148E9B00318A0E /* PartyNetworkManager.swift */ = {isa = PBXFileReference; fileEncoding = 4; lastKnownFileType = sourcecode.swift; path = PartyNetworkManager.swift; sourceTree = "<group>"; };
		C3B7171A1E148EB600318A0E /* Networker.swift */ = {isa = PBXFileReference; fileEncoding = 4; lastKnownFileType = sourcecode.swift; path = Networker.swift; sourceTree = "<group>"; };
		C3B7171C1E148F2800318A0E /* User.swift */ = {isa = PBXFileReference; fileEncoding = 4; lastKnownFileType = sourcecode.swift; path = User.swift; sourceTree = "<group>"; };
		C3B7171E1E148F3100318A0E /* Party.swift */ = {isa = PBXFileReference; fileEncoding = 4; lastKnownFileType = sourcecode.swift; path = Party.swift; sourceTree = "<group>"; };
		C3B717201E148F3A00318A0E /* Location.swift */ = {isa = PBXFileReference; fileEncoding = 4; lastKnownFileType = sourcecode.swift; path = Location.swift; sourceTree = "<group>"; };
		C3B717221E1492BC00318A0E /* Transaction.swift */ = {isa = PBXFileReference; fileEncoding = 4; lastKnownFileType = sourcecode.swift; path = Transaction.swift; sourceTree = "<group>"; };
		C3B717241E1492C900318A0E /* TransactionController.swift */ = {isa = PBXFileReference; fileEncoding = 4; lastKnownFileType = sourcecode.swift; path = TransactionController.swift; sourceTree = "<group>"; };
/* End PBXFileReference section */

/* Begin PBXFrameworksBuildPhase section */
		C33208D11E1488FC00CBCEC5 /* Frameworks */ = {
			isa = PBXFrameworksBuildPhase;
			buildActionMask = 2147483647;
			files = (
			);
			runOnlyForDeploymentPostprocessing = 0;
		};
/* End PBXFrameworksBuildPhase section */

/* Begin PBXGroup section */
		C33208CB1E1488FC00CBCEC5 = {
			isa = PBXGroup;
			children = (
				C33208D71E1488FD00CBCEC5 /* DJiOSSDK */,
				C33208D61E1488FD00CBCEC5 /* Products */,
			);
			sourceTree = "<group>";
		};
		C33208D61E1488FD00CBCEC5 /* Products */ = {
			isa = PBXGroup;
			children = (
				C33208D51E1488FD00CBCEC5 /* DJiOSSDK.framework */,
			);
			name = Products;
			sourceTree = "<group>";
		};
		C33208D71E1488FD00CBCEC5 /* DJiOSSDK */ = {
			isa = PBXGroup;
			children = (
				C3B717111E148DFF00318A0E /* Supporting */,
				C3B717101E148DF700318A0E /* Controllers */,
				C3B7170F1E148DF100318A0E /* Models */,
				C3B7170D1E148DED00318A0E /* Configuration.swift */,
			);
			path = DJiOSSDK;
			sourceTree = "<group>";
		};
		C3B7170F1E148DF100318A0E /* Models */ = {
			isa = PBXGroup;
			children = (
				C3B7171C1E148F2800318A0E /* User.swift */,
				C3B7171E1E148F3100318A0E /* Party.swift */,
				C3B717201E148F3A00318A0E /* Location.swift */,
				C3B717221E1492BC00318A0E /* Transaction.swift */,
			);
			name = Models;
			sourceTree = "<group>";
		};
		C3B717101E148DF700318A0E /* Controllers */ = {
			isa = PBXGroup;
			children = (
				C3B717161E148E7800318A0E /* LoginNetworkManager.swift */,
				C3B717181E148E9B00318A0E /* PartyNetworkManager.swift */,
				C3B7171A1E148EB600318A0E /* Networker.swift */,
				C3B717241E1492C900318A0E /* TransactionController.swift */,
				C32CB1FF1E172B220060B657 /* SocketController.swift */,
			);
			name = Controllers;
			sourceTree = "<group>";
		};
		C3B717111E148DFF00318A0E /* Supporting */ = {
			isa = PBXGroup;
			children = (
				C33208D81E1488FD00CBCEC5 /* DJiOSSDK.h */,
				C33208D91E1488FD00CBCEC5 /* Info.plist */,
				C3B717121E148E1500318A0E /* Enumerations.swift */,
				C3B717141E148E2400318A0E /* Extensions.swift */,
			);
			name = Supporting;
			sourceTree = "<group>";
		};
/* End PBXGroup section */

/* Begin PBXHeadersBuildPhase section */
		C33208D21E1488FC00CBCEC5 /* Headers */ = {
			isa = PBXHeadersBuildPhase;
			buildActionMask = 2147483647;
			files = (
				C33208DA1E1488FD00CBCEC5 /* DJiOSSDK.h in Headers */,
			);
			runOnlyForDeploymentPostprocessing = 0;
		};
/* End PBXHeadersBuildPhase section */

/* Begin PBXNativeTarget section */
		C33208D41E1488FC00CBCEC5 /* DJiOSSDK */ = {
			isa = PBXNativeTarget;
			buildConfigurationList = C33208DD1E1488FD00CBCEC5 /* Build configuration list for PBXNativeTarget "DJiOSSDK" */;
			buildPhases = (
				C33208D01E1488FC00CBCEC5 /* Sources */,
				C33208D11E1488FC00CBCEC5 /* Frameworks */,
				C33208D21E1488FC00CBCEC5 /* Headers */,
				C33208D31E1488FC00CBCEC5 /* Resources */,
			);
			buildRules = (
			);
			dependencies = (
			);
			name = DJiOSSDK;
			productName = DJiOSSDK;
			productReference = C33208D51E1488FD00CBCEC5 /* DJiOSSDK.framework */;
			productType = "com.apple.product-type.framework";
		};
/* End PBXNativeTarget section */

/* Begin PBXProject section */
		C33208CC1E1488FC00CBCEC5 /* Project object */ = {
			isa = PBXProject;
			attributes = {
				LastUpgradeCheck = 0820;
				ORGANIZATIONNAME = "Jon Vogel";
				TargetAttributes = {
					C33208D41E1488FC00CBCEC5 = {
						CreatedOnToolsVersion = 8.2.1;
						DevelopmentTeam = WEZXTSQ23M;
						LastSwiftMigration = 0820;
						ProvisioningStyle = Automatic;
					};
				};
			};
			buildConfigurationList = C33208CF1E1488FC00CBCEC5 /* Build configuration list for PBXProject "DJiOSSDK" */;
			compatibilityVersion = "Xcode 3.2";
			developmentRegion = English;
			hasScannedForEncodings = 0;
			knownRegions = (
				en,
			);
			mainGroup = C33208CB1E1488FC00CBCEC5;
			productRefGroup = C33208D61E1488FD00CBCEC5 /* Products */;
			projectDirPath = "";
			projectRoot = "";
			targets = (
				C33208D41E1488FC00CBCEC5 /* DJiOSSDK */,
			);
		};
/* End PBXProject section */

/* Begin PBXResourcesBuildPhase section */
		C33208D31E1488FC00CBCEC5 /* Resources */ = {
			isa = PBXResourcesBuildPhase;
			buildActionMask = 2147483647;
			files = (
			);
			runOnlyForDeploymentPostprocessing = 0;
		};
/* End PBXResourcesBuildPhase section */

/* Begin PBXSourcesBuildPhase section */
		C33208D01E1488FC00CBCEC5 /* Sources */ = {
			isa = PBXSourcesBuildPhase;
			buildActionMask = 2147483647;
			files = (
				C3B717191E148E9B00318A0E /* PartyNetworkManager.swift in Sources */,
				C3B7170E1E148DED00318A0E /* Configuration.swift in Sources */,
				C3B717151E148E2400318A0E /* Extensions.swift in Sources */,
				C3B717171E148E7800318A0E /* LoginNetworkManager.swift in Sources */,
				C3B717231E1492BC00318A0E /* Transaction.swift in Sources */,
				C3B717211E148F3A00318A0E /* Location.swift in Sources */,
				C32CB2001E172B220060B657 /* SocketController.swift in Sources */,
				C3B717131E148E1500318A0E /* Enumerations.swift in Sources */,
				C3B717251E1492C900318A0E /* TransactionController.swift in Sources */,
				C3B7171B1E148EB600318A0E /* Networker.swift in Sources */,
				C3B7171F1E148F3100318A0E /* Party.swift in Sources */,
				C3B7171D1E148F2800318A0E /* User.swift in Sources */,
			);
			runOnlyForDeploymentPostprocessing = 0;
		};
/* End PBXSourcesBuildPhase section */

/* Begin XCBuildConfiguration section */
		C33208DB1E1488FD00CBCEC5 /* Debug */ = {
			isa = XCBuildConfiguration;
			buildSettings = {
				ALWAYS_SEARCH_USER_PATHS = NO;
				CLANG_ANALYZER_NONNULL = YES;
				CLANG_CXX_LANGUAGE_STANDARD = "gnu++0x";
				CLANG_CXX_LIBRARY = "libc++";
				CLANG_ENABLE_MODULES = YES;
				CLANG_ENABLE_OBJC_ARC = YES;
				CLANG_WARN_BOOL_CONVERSION = YES;
				CLANG_WARN_CONSTANT_CONVERSION = YES;
				CLANG_WARN_DIRECT_OBJC_ISA_USAGE = YES_ERROR;
				CLANG_WARN_DOCUMENTATION_COMMENTS = YES;
				CLANG_WARN_EMPTY_BODY = YES;
				CLANG_WARN_ENUM_CONVERSION = YES;
				CLANG_WARN_INFINITE_RECURSION = YES;
				CLANG_WARN_INT_CONVERSION = YES;
				CLANG_WARN_OBJC_ROOT_CLASS = YES_ERROR;
				CLANG_WARN_SUSPICIOUS_MOVE = YES;
				CLANG_WARN_UNREACHABLE_CODE = YES;
				CLANG_WARN__DUPLICATE_METHOD_MATCH = YES;
				"CODE_SIGN_IDENTITY[sdk=iphoneos*]" = "iPhone Developer";
				COPY_PHASE_STRIP = NO;
				CURRENT_PROJECT_VERSION = 1;
				DEBUG_INFORMATION_FORMAT = dwarf;
				ENABLE_STRICT_OBJC_MSGSEND = YES;
				ENABLE_TESTABILITY = YES;
				GCC_C_LANGUAGE_STANDARD = gnu99;
				GCC_DYNAMIC_NO_PIC = NO;
				GCC_NO_COMMON_BLOCKS = YES;
				GCC_OPTIMIZATION_LEVEL = 0;
				GCC_PREPROCESSOR_DEFINITIONS = (
					"DEBUG=1",
					"$(inherited)",
				);
				GCC_WARN_64_TO_32_BIT_CONVERSION = YES;
				GCC_WARN_ABOUT_RETURN_TYPE = YES_ERROR;
				GCC_WARN_UNDECLARED_SELECTOR = YES;
				GCC_WARN_UNINITIALIZED_AUTOS = YES_AGGRESSIVE;
				GCC_WARN_UNUSED_FUNCTION = YES;
				GCC_WARN_UNUSED_VARIABLE = YES;
				IPHONEOS_DEPLOYMENT_TARGET = 10.2;
				MTL_ENABLE_DEBUG_INFO = YES;
				ONLY_ACTIVE_ARCH = YES;
				SDKROOT = iphoneos;
				SWIFT_ACTIVE_COMPILATION_CONDITIONS = DEBUG;
				SWIFT_OPTIMIZATION_LEVEL = "-Onone";
				TARGETED_DEVICE_FAMILY = "1,2";
				VERSIONING_SYSTEM = "apple-generic";
				VERSION_INFO_PREFIX = "";
			};
			name = Debug;
		};
		C33208DC1E1488FD00CBCEC5 /* Release */ = {
			isa = XCBuildConfiguration;
			buildSettings = {
				ALWAYS_SEARCH_USER_PATHS = NO;
				CLANG_ANALYZER_NONNULL = YES;
				CLANG_CXX_LANGUAGE_STANDARD = "gnu++0x";
				CLANG_CXX_LIBRARY = "libc++";
				CLANG_ENABLE_MODULES = YES;
				CLANG_ENABLE_OBJC_ARC = YES;
				CLANG_WARN_BOOL_CONVERSION = YES;
				CLANG_WARN_CONSTANT_CONVERSION = YES;
				CLANG_WARN_DIRECT_OBJC_ISA_USAGE = YES_ERROR;
				CLANG_WARN_DOCUMENTATION_COMMENTS = YES;
				CLANG_WARN_EMPTY_BODY = YES;
				CLANG_WARN_ENUM_CONVERSION = YES;
				CLANG_WARN_INFINITE_RECURSION = YES;
				CLANG_WARN_INT_CONVERSION = YES;
				CLANG_WARN_OBJC_ROOT_CLASS = YES_ERROR;
				CLANG_WARN_SUSPICIOUS_MOVE = YES;
				CLANG_WARN_UNREACHABLE_CODE = YES;
				CLANG_WARN__DUPLICATE_METHOD_MATCH = YES;
				"CODE_SIGN_IDENTITY[sdk=iphoneos*]" = "iPhone Developer";
				COPY_PHASE_STRIP = NO;
				CURRENT_PROJECT_VERSION = 1;
				DEBUG_INFORMATION_FORMAT = "dwarf-with-dsym";
				ENABLE_NS_ASSERTIONS = NO;
				ENABLE_STRICT_OBJC_MSGSEND = YES;
				GCC_C_LANGUAGE_STANDARD = gnu99;
				GCC_NO_COMMON_BLOCKS = YES;
				GCC_WARN_64_TO_32_BIT_CONVERSION = YES;
				GCC_WARN_ABOUT_RETURN_TYPE = YES_ERROR;
				GCC_WARN_UNDECLARED_SELECTOR = YES;
				GCC_WARN_UNINITIALIZED_AUTOS = YES_AGGRESSIVE;
				GCC_WARN_UNUSED_FUNCTION = YES;
				GCC_WARN_UNUSED_VARIABLE = YES;
				IPHONEOS_DEPLOYMENT_TARGET = 10.2;
				MTL_ENABLE_DEBUG_INFO = NO;
				SDKROOT = iphoneos;
				SWIFT_OPTIMIZATION_LEVEL = "-Owholemodule";
				TARGETED_DEVICE_FAMILY = "1,2";
				VALIDATE_PRODUCT = YES;
				VERSIONING_SYSTEM = "apple-generic";
				VERSION_INFO_PREFIX = "";
			};
			name = Release;
		};
		C33208DE1E1488FD00CBCEC5 /* Debug */ = {
			isa = XCBuildConfiguration;
			buildSettings = {
				CLANG_ENABLE_MODULES = YES;
				CODE_SIGN_IDENTITY = "";
				DEFINES_MODULE = YES;
				DEVELOPMENT_TEAM = WEZXTSQ23M;
				DYLIB_COMPATIBILITY_VERSION = 1;
				DYLIB_CURRENT_VERSION = 1;
				DYLIB_INSTALL_NAME_BASE = "@rpath";
				INFOPLIST_FILE = DJiOSSDK/Info.plist;
				INSTALL_PATH = "$(LOCAL_LIBRARY_DIR)/Frameworks";
				LD_RUNPATH_SEARCH_PATHS = "$(inherited) @executable_path/Frameworks @loader_path/Frameworks";
				PRODUCT_BUNDLE_IDENTIFIER = jonVogel.DJiOSSDK;
				PRODUCT_NAME = "$(TARGET_NAME)";
				SKIP_INSTALL = YES;
				SWIFT_OPTIMIZATION_LEVEL = "-Onone";
				SWIFT_VERSION = 3.0;
			};
			name = Debug;
		};
		C33208DF1E1488FD00CBCEC5 /* Release */ = {
			isa = XCBuildConfiguration;
			buildSettings = {
				CLANG_ENABLE_MODULES = YES;
				CODE_SIGN_IDENTITY = "";
				DEFINES_MODULE = YES;
				DEVELOPMENT_TEAM = WEZXTSQ23M;
				DYLIB_COMPATIBILITY_VERSION = 1;
				DYLIB_CURRENT_VERSION = 1;
				DYLIB_INSTALL_NAME_BASE = "@rpath";
				INFOPLIST_FILE = DJiOSSDK/Info.plist;
				INSTALL_PATH = "$(LOCAL_LIBRARY_DIR)/Frameworks";
				LD_RUNPATH_SEARCH_PATHS = "$(inherited) @executable_path/Frameworks @loader_path/Frameworks";
				PRODUCT_BUNDLE_IDENTIFIER = jonVogel.DJiOSSDK;
				PRODUCT_NAME = "$(TARGET_NAME)";
				SKIP_INSTALL = YES;
				SWIFT_VERSION = 3.0;
			};
			name = Release;
		};
/* End XCBuildConfiguration section */

/* Begin XCConfigurationList section */
		C33208CF1E1488FC00CBCEC5 /* Build configuration list for PBXProject "DJiOSSDK" */ = {
			isa = XCConfigurationList;
			buildConfigurations = (
				C33208DB1E1488FD00CBCEC5 /* Debug */,
				C33208DC1E1488FD00CBCEC5 /* Release */,
			);
			defaultConfigurationIsVisible = 0;
			defaultConfigurationName = Release;
		};
		C33208DD1E1488FD00CBCEC5 /* Build configuration list for PBXNativeTarget "DJiOSSDK" */ = {
			isa = XCConfigurationList;
			buildConfigurations = (
				C33208DE1E1488FD00CBCEC5 /* Debug */,
				C33208DF1E1488FD00CBCEC5 /* Release */,
			);
			defaultConfigurationIsVisible = 0;
			defaultConfigurationName = Release;
		};
/* End XCConfigurationList section */
	};
	rootObject = C33208CC1E1488FC00CBCEC5 /* Project object */;
}
